
Microsoft Visual Studio Solution File, Format Version 12.00
# Visual Studio Version 17
VisualStudioVersion = 17.6.33829.357
MinimumVisualStudioVersion = 10.0.40219.1
Project("{FAE04EC0-301F-11D3-BF4B-00C04F79EFBC}") = "test-case.api", "test-case.api\test-case.api.csproj", "{1BDF9E27-3B9B-4387-961B-CB0B9E1BB506}"
EndProject
Global
	GlobalSection(SolutionConfigurationPlatforms) = preSolution
		Debug|Any CPU = Debug|Any CPU
		Release|Any CPU = Release|Any CPU
	EndGlobalSection
	GlobalSection(ProjectConfigurationPlatforms) = postSolution
		{1BDF9E27-3B9B-4387-961B-CB0B9E1BB506}.Debug|Any CPU.ActiveCfg = Debug|Any CPU
		{1BDF9E27-3B9B-4387-961B-CB0B9E1BB506}.Debug|Any CPU.Build.0 = Debug|Any CPU
		{1BDF9E27-3B9B-4387-961B-CB0B9E1BB506}.Release|Any CPU.ActiveCfg = Release|Any CPU
		{1BDF9E27-3B9B-4387-961B-CB0B9E1BB506}.Release|Any CPU.Build.0 = Release|Any CPU
	EndGlobalSection
	GlobalSection(SolutionProperties) = preSolution
		HideSolutionNode = FALSE
	EndGlobalSection
	GlobalSection(ExtensibilityGlobals) = postSolution
		SolutionGuid = {23266B58-D9BA-4E13-83DE-20172A678FBC}
	EndGlobalSection
EndGlobal
